{
    "_readme": [
        "This file locks the dependencies of your project to a known state",
        "Read more about it at https://getcomposer.org/doc/01-basic-usage.md#installing-dependencies",
        "This file is @generated automatically"
    ],
    "content-hash": "e5cdf8ceba55c43855cafc4e6bb4256b",
    "packages": [
        {
            "name": "getstackhead/deployment",
            "version": "dev-master",
            "source": {
                "type": "git",
                "url": "https://github.com/getstackhead/deployment.git",
                "reference": "6116c5b68322e4e8bc28a78dbc1a37b2c1af0831"
            },
            "dist": {
                "type": "zip",
                "url": "https://api.github.com/repos/getstackhead/deployment/zipball/6116c5b68322e4e8bc28a78dbc1a37b2c1af0831",
                "reference": "6116c5b68322e4e8bc28a78dbc1a37b2c1af0831",
                "shasum": ""
            },
            "type": "library",
            "license": [
                "GPL-2.0+"
            ],
            "authors": [
                {
                    "name": "Mario Lubenka",
                    "email": "mario.lubenka@googlemail.com"
                }
            ],
            "description": "Setup your application on a domain automatically",
            "support": {
                "source": "https://github.com/getstackhead/deployment/tree/master",
                "issues": "https://github.com/getstackhead/deployment/issues"
            },
            "time": "2020-04-30T12:26:21+00:00"
        },
        {
            "name": "getstackhead/project-validator",
            "version": "dev-master",
            "source": {
                "type": "git",
                "url": "https://github.com/getstackhead/project-validator.git",
                "reference": "cbfb6e309e978941caa85029b77bccc0ae0fbc3a"
            },
            "dist": {
                "type": "zip",
                "url": "https://api.github.com/repos/getstackhead/project-validator/zipball/cbfb6e309e978941caa85029b77bccc0ae0fbc3a",
                "reference": "cbfb6e309e978941caa85029b77bccc0ae0fbc3a",
                "shasum": ""
            },
            "bin": [
                "bin/project-validator"
            ],
            "type": "library",
            "license": [
                "GPL-2.0+"
            ],
            "authors": [
                {
                    "name": "Mario Lubenka",
                    "email": "mario.lubenka@googlemail.com"
                }
            ],
            "description": "Validate your StackHead project definition files",
            "support": {
                "source": "https://github.com/getstackhead/project-validator/tree/master",
                "issues": "https://github.com/getstackhead/project-validator/issues"
            },
            "time": "2020-04-30T12:26:03+00:00"
        }
    ],
    "packages-dev": [],
    "aliases": [],
    "minimum-stability": "stable",
    "stability-flags": {
        "getstackhead/deployment": 20,
        "getstackhead/project-validator": 20
    },
    "prefer-stable": false,
    "prefer-lowest": false,
    "platform": [],
    "platform-dev": [],
    "plugin-api-version": "1.1.0"
}
