{
    "_readme": [
        "This file locks the dependencies of your project to a known state",
        "Read more about it at https://getcomposer.org/doc/01-basic-usage.md#installing-dependencies",
        "This file is @generated automatically"
    ],
    "content-hash": "8a8d481afe831470938fe66ea6b4f222",
    "packages": [
        {
            "name": "getstackhead/deployment",
            "version": "dev-feature/system_user",
            "source": {
                "type": "git",
                "url": "https://github.com/getstackhead/deployment.git",
                "reference": "060e02ca64ed4305991df4784074014e7977cf74"
            },
            "dist": {
                "type": "zip",
                "url": "https://api.github.com/repos/getstackhead/deployment/zipball/060e02ca64ed4305991df4784074014e7977cf74",
                "reference": "060e02ca64ed4305991df4784074014e7977cf74",
                "shasum": ""
            },
            "type": "library",
            "license": [
                "GPL-2.0+"
            ],
            "authors": [
                {
                    "name": "Mario Lubenka",
                    "email": "mario.lubenka@googlemail.com"
                }
            ],
            "description": "Setup your application on a domain automatically",
            "support": {
                "source": "https://github.com/getstackhead/deployment/tree/feature/system_user",
                "issues": "https://github.com/getstackhead/deployment/issues"
            },
            "time": "2020-04-24T12:39:49+00:00"
        },
        {
            "name": "getstackhead/project-validator",
            "version": "dev-feature/system_user",
            "source": {
                "type": "git",
                "url": "https://github.com/getstackhead/project-validator.git",
                "reference": "6b2cdfc594ede69a29f87b56d7d1be01729a08b3"
            },
            "dist": {
                "type": "zip",
                "url": "https://api.github.com/repos/getstackhead/project-validator/zipball/6b2cdfc594ede69a29f87b56d7d1be01729a08b3",
                "reference": "6b2cdfc594ede69a29f87b56d7d1be01729a08b3",
                "shasum": ""
            },
            "bin": [
                "bin/project-validator"
            ],
            "type": "library",
            "license": [
                "GPL-2.0+"
            ],
            "authors": [
                {
                    "name": "Mario Lubenka",
                    "email": "mario.lubenka@googlemail.com"
                }
            ],
            "description": "Validate your StackHead project definition files",
            "support": {
                "source": "https://github.com/getstackhead/project-validator/tree/feature/system_user",
                "issues": "https://github.com/getstackhead/project-validator/issues"
            },
            "time": "2020-04-24T13:08:37+00:00"
        }
    ],
    "packages-dev": [],
    "aliases": [],
    "minimum-stability": "stable",
    "stability-flags": {
        "getstackhead/deployment": 20,
        "getstackhead/project-validator": 20
    },
    "prefer-stable": false,
    "prefer-lowest": false,
    "platform": [],
    "platform-dev": [],
    "plugin-api-version": "1.1.0"
}
